{
  "name": "telegram-bot",
  "version": "0.0.0",
  "lockfileVersion": 2,
  "requires": true,
  "packages": {
    "": {
      "name": "telegram-bot",
      "version": "0.0.0",
      "license": "MIT",
      "dependencies": {
        "fend-wasm-nodejs": "file:../wasm/pkg-nodejs"
      }
    },
    "../wasm/pkg-nodejs": {
      "name": "fend-wasm-nodejs",
      "version": "1.0.4",
      "license": "MIT"
    },
    "node_modules/fend-wasm-nodejs": {
      "resolved": "../wasm/pkg-nodejs",
      "link": true
    }
  },
  "dependencies": {
    "fend-wasm-nodejs": {
      "version": "file:../wasm/pkg-nodejs"
    }
  }
}
